
Microsoft Visual Studio Solution File, Format Version 12.00
# Visual Studio Version 17
VisualStudioVersion = 17.3.32901.215
MinimumVisualStudioVersion = 10.0.40219.1
Project("{9A19103F-16F7-4668-BE54-9A1E7A4F7556}") = "EscolaParanoa", "EscolaParanoa.csproj", "{BBB89358-BC92-4A61-884A-9FD3E07F779D}"
EndProject
Project("{FAE04EC0-301F-11D3-BF4B-00C04F79EFBC}") = "EscolaParanoa.Entidades", "..\EscolaParanoa.Entidades\EscolaParanoa.Entidades.csproj", "{7D3AA07C-1FE3-4C80-B05E-E1364ADE58AB}"
EndProject
Global
	GlobalSection(SolutionConfigurationPlatforms) = preSolution
		Debug|Any CPU = Debug|Any CPU
		Release|Any CPU = Release|Any CPU
	EndGlobalSection
	GlobalSection(ProjectConfigurationPlatforms) = postSolution
		{BBB89358-BC92-4A61-884A-9FD3E07F779D}.Debug|Any CPU.ActiveCfg = Debug|Any CPU
		{BBB89358-BC92-4A61-884A-9FD3E07F779D}.Debug|Any CPU.Build.0 = Debug|Any CPU
		{BBB89358-BC92-4A61-884A-9FD3E07F779D}.Release|Any CPU.ActiveCfg = Release|Any CPU
		{BBB89358-BC92-4A61-884A-9FD3E07F779D}.Release|Any CPU.Build.0 = Release|Any CPU
		{7D3AA07C-1FE3-4C80-B05E-E1364ADE58AB}.Debug|Any CPU.ActiveCfg = Debug|Any CPU
		{7D3AA07C-1FE3-4C80-B05E-E1364ADE58AB}.Debug|Any CPU.Build.0 = Debug|Any CPU
		{7D3AA07C-1FE3-4C80-B05E-E1364ADE58AB}.Release|Any CPU.ActiveCfg = Release|Any CPU
		{7D3AA07C-1FE3-4C80-B05E-E1364ADE58AB}.Release|Any CPU.Build.0 = Release|Any CPU
	EndGlobalSection
	GlobalSection(SolutionProperties) = preSolution
		HideSolutionNode = FALSE
	EndGlobalSection
	GlobalSection(ExtensibilityGlobals) = postSolution
		SolutionGuid = {EB6D13B0-292F-459B-85D0-0A644B801582}
	EndGlobalSection
EndGlobal
